
Microsoft Visual Studio Solution File, Format Version 12.00
# Visual Studio Version 16
VisualStudioVersion = 16.0.31321.278
MinimumVisualStudioVersion = 10.0.40219.1
Project("{FAE04EC0-301F-11D3-BF4B-00C04F79EFBC}") = "GTA-Map", "GTA-Map\GTA-Map.csproj", "{C3F18C77-D782-4DAA-A5C3-76888F2F96EF}"
EndProject
Global
	GlobalSection(SolutionConfigurationPlatforms) = preSolution
		Debug|Any CPU = Debug|Any CPU
		Release|Any CPU = Release|Any CPU
	EndGlobalSection
	GlobalSection(ProjectConfigurationPlatforms) = postSolution
		{C3F18C77-D782-4DAA-A5C3-76888F2F96EF}.Debug|Any CPU.ActiveCfg = Debug|Any CPU
		{C3F18C77-D782-4DAA-A5C3-76888F2F96EF}.Debug|Any CPU.Build.0 = Debug|Any CPU
		{C3F18C77-D782-4DAA-A5C3-76888F2F96EF}.Release|Any CPU.ActiveCfg = Release|Any CPU
		{C3F18C77-D782-4DAA-A5C3-76888F2F96EF}.Release|Any CPU.Build.0 = Release|Any CPU
	EndGlobalSection
	GlobalSection(SolutionProperties) = preSolution
		HideSolutionNode = FALSE
	EndGlobalSection
	GlobalSection(ExtensibilityGlobals) = postSolution
		SolutionGuid = {6FF6D6FD-0EF2-4D7D-A0E1-83746664F18F}
	EndGlobalSection
EndGlobal
